
Microsoft Visual Studio Solution File, Format Version 12.00
# Visual Studio Version 17
VisualStudioVersion = 17.11.35222.181
MinimumVisualStudioVersion = 10.0.40219.1
Project("{FAE04EC0-301F-11D3-BF4B-00C04F79EFBC}") = "Accès_client", "Accès_client.csproj", "{47EB5FA2-0C0B-459A-AC73-80CECAEA1EB6}"
EndProject
Global
	GlobalSection(SolutionConfigurationPlatforms) = preSolution
		Debug|Any CPU = Debug|Any CPU
		Release|Any CPU = Release|Any CPU
	EndGlobalSection
	GlobalSection(ProjectConfigurationPlatforms) = postSolution
		{47EB5FA2-0C0B-459A-AC73-80CECAEA1EB6}.Debug|Any CPU.ActiveCfg = Release|Any CPU
		{47EB5FA2-0C0B-459A-AC73-80CECAEA1EB6}.Debug|Any CPU.Build.0 = Release|Any CPU
		{47EB5FA2-0C0B-459A-AC73-80CECAEA1EB6}.Release|Any CPU.ActiveCfg = Release|Any CPU
		{47EB5FA2-0C0B-459A-AC73-80CECAEA1EB6}.Release|Any CPU.Build.0 = Release|Any CPU
	EndGlobalSection
	GlobalSection(SolutionProperties) = preSolution
		HideSolutionNode = FALSE
	EndGlobalSection
	GlobalSection(ExtensibilityGlobals) = postSolution
		SolutionGuid = {FE27D3D9-D52A-4C37-B1B0-5C82090F546F}
	EndGlobalSection
EndGlobal
